
Microsoft Visual Studio Solution File, Format Version 12.00
# Visual Studio Version 16
VisualStudioVersion = 16.0.31205.134
MinimumVisualStudioVersion = 10.0.40219.1
Project("{9A19103F-16F7-4668-BE54-9A1E7A4F7556}") = "LMSystem.Data", "Data\LMSystem.Data.csproj", "{016AE801-BA73-470D-AF8F-6B64595B2273}"
EndProject
Project("{9A19103F-16F7-4668-BE54-9A1E7A4F7556}") = "LMSystem.Service", "Service\LMSystem.Service.csproj", "{2B9EADD0-56E7-4FA0-86CE-637ACFF481F7}"
EndProject
Project("{9A19103F-16F7-4668-BE54-9A1E7A4F7556}") = "WebUI", "WebUI\WebUI.csproj", "{A1F561B6-3993-4035-B782-915984309BC4}"
EndProject
Global
	GlobalSection(SolutionConfigurationPlatforms) = preSolution
		Debug|Any CPU = Debug|Any CPU
		Release|Any CPU = Release|Any CPU
	EndGlobalSection
	GlobalSection(ProjectConfigurationPlatforms) = postSolution
		{016AE801-BA73-470D-AF8F-6B64595B2273}.Debug|Any CPU.ActiveCfg = Debug|Any CPU
		{016AE801-BA73-470D-AF8F-6B64595B2273}.Debug|Any CPU.Build.0 = Debug|Any CPU
		{016AE801-BA73-470D-AF8F-6B64595B2273}.Release|Any CPU.ActiveCfg = Release|Any CPU
		{016AE801-BA73-470D-AF8F-6B64595B2273}.Release|Any CPU.Build.0 = Release|Any CPU
		{2B9EADD0-56E7-4FA0-86CE-637ACFF481F7}.Debug|Any CPU.ActiveCfg = Debug|Any CPU
		{2B9EADD0-56E7-4FA0-86CE-637ACFF481F7}.Debug|Any CPU.Build.0 = Debug|Any CPU
		{2B9EADD0-56E7-4FA0-86CE-637ACFF481F7}.Release|Any CPU.ActiveCfg = Release|Any CPU
		{2B9EADD0-56E7-4FA0-86CE-637ACFF481F7}.Release|Any CPU.Build.0 = Release|Any CPU
		{A1F561B6-3993-4035-B782-915984309BC4}.Debug|Any CPU.ActiveCfg = Debug|Any CPU
		{A1F561B6-3993-4035-B782-915984309BC4}.Debug|Any CPU.Build.0 = Debug|Any CPU
		{A1F561B6-3993-4035-B782-915984309BC4}.Release|Any CPU.ActiveCfg = Release|Any CPU
		{A1F561B6-3993-4035-B782-915984309BC4}.Release|Any CPU.Build.0 = Release|Any CPU
	EndGlobalSection
	GlobalSection(SolutionProperties) = preSolution
		HideSolutionNode = FALSE
	EndGlobalSection
	GlobalSection(ExtensibilityGlobals) = postSolution
		SolutionGuid = {EA235FD3-C0B5-4FF1-B505-E1F56D4E2216}
	EndGlobalSection
EndGlobal
